{
  "name": "cryptojs",
  "version": "1.0.0",
  "lockfileVersion": 3,
  "requires": true,
  "packages": {
    "": {
      "name": "cryptojs",
      "version": "1.0.0",
      "dependencies": {
        "axios": "^1.4.0",
        "crypto-js": "^4.1.1",
        "fs": "^0.0.1-security",
        "openpgp": "^5.9.0",
        "pgp": "^0.1.0",
        "uuid": "^9.0.0"
      }
    },
    "node_modules/asn1.js": {
      "version": "5.4.1",
      "resolved": "https://registry.npmjs.org/asn1.js/-/asn1.js-5.4.1.tgz",
      "integrity": "sha512-+I//4cYPccV8LdmBLiX8CYvf9Sp3vQsrqu2QNXRcrbiWvcx/UdlFiqUJJzxRQxgsZmvhXhn4cSKeSmoFjVdupA==",
      "dependencies": {
        "bn.js": "^4.0.0",
        "inherits": "^2.0.1",
        "minimalistic-assert": "^1.0.0",
        "safer-buffer": "^2.1.0"
      }
    },
    "node_modules/asynckit": {
      "version": "0.4.0",
      "resolved": "https://registry.npmjs.org/asynckit/-/asynckit-0.4.0.tgz",
      "integrity": "sha512-Oei9OH4tRh0YqU3GxhX79dM/mwVgvbZJaSNaRk+bshkj0S5cfHcgYakreBjrHwatXKbz+IoIdYLxrKim2MjW0Q=="
    },
    "node_modules/axios": {
      "version": "1.4.0",
      "resolved": "https://registry.npmjs.org/axios/-/axios-1.4.0.tgz",
      "integrity": "sha512-S4XCWMEmzvo64T9GfvQDOXgYRDJ/wsSZc7Jvdgx5u1sd0JwsuPLqb3SYmusag+edF6ziyMensPVqLTSc1PiSEA==",
      "dependencies": {
        "follow-redirects": "^1.15.0",
        "form-data": "^4.0.0",
        "proxy-from-env": "^1.1.0"
      }
    },
    "node_modules/bn.js": {
      "version": "4.12.0",
      "resolved": "https://registry.npmjs.org/bn.js/-/bn.js-4.12.0.tgz",
      "integrity": "sha512-c98Bf3tPniI+scsdk237ku1Dc3ujXQTSgyiPUDEOe7tRkhrqridvh8klBv0HCEso1OLOYcHuCv/cS6DNxKH+ZA=="
    },
    "node_modules/buffer-writer": {
      "version": "1.0.1",
      "resolved": "https://registry.npmjs.org/buffer-writer/-/buffer-writer-1.0.1.tgz",
      "integrity": "sha512-I5M7UuSeDn5aQR2BSH2+270w9qdd2Rd5LB/XhTcIRdSmeLueMNlY3BaMoHtoASmjEQf/NOAqMIZaoAMSpomW6w=="
    },
    "node_modules/combined-stream": {
      "version": "1.0.8",
      "resolved": "https://registry.npmjs.org/combined-stream/-/combined-stream-1.0.8.tgz",
      "integrity": "sha512-FQN4MRfuJeHf7cBbBMJFXhKSDq+2kAArBlmRBvcvFE5BB1HZKXtSFASDhdlz9zOYwxh8lDdnvmMOe/+5cdoEdg==",
      "dependencies": {
        "delayed-stream": "~1.0.0"
      },
      "engines": {
        "node": ">= 0.8"
      }
    },
    "node_modules/crypto-js": {
      "version": "4.1.1",
      "resolved": "https://registry.npmjs.org/crypto-js/-/crypto-js-4.1.1.tgz",
      "integrity": "sha512-o2JlM7ydqd3Qk9CA0L4NL6mTzU2sdx96a+oOfPu8Mkl/PK51vSyoi8/rQ8NknZtk44vq15lmhAj9CIAGwgeWKw=="
    },
    "node_modules/delayed-stream": {
      "version": "1.0.0",
      "resolved": "https://registry.npmjs.org/delayed-stream/-/delayed-stream-1.0.0.tgz",
      "integrity": "sha512-ZySD7Nf91aLB0RxL4KGrKHBXl7Eds1DAmEdcoVawXnLD7SDhpNgtuII2aAkg7a7QS41jxPSZ17p4VdGnMHk3MQ==",
      "engines": {
        "node": ">=0.4.0"
      }
    },
    "node_modules/follow-redirects": {
      "version": "1.15.2",
      "resolved": "https://registry.npmjs.org/follow-redirects/-/follow-redirects-1.15.2.tgz",
      "integrity": "sha512-VQLG33o04KaQ8uYi2tVNbdrWp1QWxNNea+nmIB4EVM28v0hmP17z7aG1+wAkNzVq4KeXTq3221ye5qTJP91JwA==",
      "funding": [
        {
          "type": "individual",
          "url": "https://github.com/sponsors/RubenVerborgh"
        }
      ],
      "engines": {
        "node": ">=4.0"
      },
      "peerDependenciesMeta": {
        "debug": {
          "optional": true
        }
      }
    },
    "node_modules/form-data": {
      "version": "4.0.0",
      "resolved": "https://registry.npmjs.org/form-data/-/form-data-4.0.0.tgz",
      "integrity": "sha512-ETEklSGi5t0QMZuiXoA/Q6vcnxcLQP5vdugSpuAyi6SVGi2clPPp+xgEhuMaHC+zGgn31Kd235W35f7Hykkaww==",
      "dependencies": {
        "asynckit": "^0.4.0",
        "combined-stream": "^1.0.8",
        "mime-types": "^2.1.12"
      },
      "engines": {
        "node": ">= 6"
      }
    },
    "node_modules/fs": {
      "version": "0.0.1-security",
      "resolved": "https://registry.npmjs.org/fs/-/fs-0.0.1-security.tgz",
      "integrity": "sha512-3XY9e1pP0CVEUCdj5BmfIZxRBTSDycnbqhIOGec9QYtmVH2fbLpj86CFWkrNOkt/Fvty4KZG5lTglL9j/gJ87w=="
    },
    "node_modules/generic-pool": {
      "version": "2.4.3",
      "resolved": "https://registry.npmjs.org/generic-pool/-/generic-pool-2.4.3.tgz",
      "integrity": "sha512-IuvVtXuCtPXl+wMp6eWzxWyJV0TtUSm/LnPO1TmM8/4K7stdrB3GuOVo+x6Izuc5qllayByDvXWOfT/UG0v+Kw==",
      "engines": {
        "node": ">= 0.2.0"
      }
    },
    "node_modules/inherits": {
      "version": "2.0.4",
      "resolved": "https://registry.npmjs.org/inherits/-/inherits-2.0.4.tgz",
      "integrity": "sha512-k/vGaX4/Yla3WzyMCvTQOXYeIHvqOKtnqBduzTHpzpQZzAskKMhZ2K+EnBiSM9zGSoIFeMpXKxa4dYeZIQqewQ=="
    },
    "node_modules/js-string-escape": {
      "version": "1.0.1",
      "resolved": "https://registry.npmjs.org/js-string-escape/-/js-string-escape-1.0.1.tgz",
      "integrity": "sha512-Smw4xcfIQ5LVjAOuJCvN/zIodzA/BBSsluuoSykP+lUvScIi4U6RJLfwHet5cxFnCswUjISV8oAXaqaJDY3chg==",
      "engines": {
        "node": ">= 0.8"
      }
    },
    "node_modules/manakin": {
      "version": "0.4.8",
      "resolved": "https://registry.npmjs.org/manakin/-/manakin-0.4.8.tgz",
      "integrity": "sha512-VjVHAI6IjKoh+eaci1a3UgbdZGUfMuoQePGW+dQd3pbPRzH2w66N0GQ/7CVAX1ifH/BBZCs+xANLuXDU/IIOIw==",
      "engines": {
        "node": ">=0.10",
        "npm": ">=1.4"
      }
    },
    "node_modules/mime-db": {
      "version": "1.52.0",
      "resolved": "https://registry.npmjs.org/mime-db/-/mime-db-1.52.0.tgz",
      "integrity": "sha512-sPU4uV7dYlvtWJxwwxHD0PuihVNiE7TyAbQ5SWxDCB9mUYvOgroQOwYQQOKPJ8CIbE+1ETVlOoK1UC2nU3gYvg==",
      "engines": {
        "node": ">= 0.6"
      }
    },
    "node_modules/mime-types": {
      "version": "2.1.35",
      "resolved": "https://registry.npmjs.org/mime-types/-/mime-types-2.1.35.tgz",
      "integrity": "sha512-ZDY+bPm5zTTF+YpCrAU9nK0UgICYPT0QtT1NZWFv4s++TNkcgVaT0g6+4R2uI4MjQjzysHB1zxuWL50hzaeXiw==",
      "dependencies": {
        "mime-db": "1.52.0"
      },
      "engines": {
        "node": ">= 0.6"
      }
    },
    "node_modules/minimalistic-assert": {
      "version": "1.0.1",
      "resolved": "https://registry.npmjs.org/minimalistic-assert/-/minimalistic-assert-1.0.1.tgz",
      "integrity": "sha512-UtJcAD4yEaGtjPezWuO9wC4nwUnVH/8/Im3yEHQP4b67cXlD/Qr9hdITCU1xDbSEXg2XKNaP8jsReV7vQd00/A=="
    },
    "node_modules/object-assign": {
      "version": "4.1.0",
      "resolved": "https://registry.npmjs.org/object-assign/-/object-assign-4.1.0.tgz",
      "integrity": "sha512-Lbc7GfN7XFaK30bzUN3cDYLOkT0dH05S0ax1QikylHUD9+Z9PRF3G1iYwX3kcz+6AlzTFGkUgMxz6l3aUwbwTA==",
      "engines": {
        "node": ">=0.10.0"
      }
    },
    "node_modules/openpgp": {
      "version": "5.9.0",
      "resolved": "https://registry.npmjs.org/openpgp/-/openpgp-5.9.0.tgz",
      "integrity": "sha512-wEI6TAinCAq8ZLZA4oZ3ZtJ2BhhHj+CiPCd8TzE7zCicr0V8tvG5UF76OtddLLOJcK63w3Aj3KiRd+VLMScirQ==",
      "dependencies": {
        "asn1.js": "^5.0.0"
      },
      "engines": {
        "node": ">= 8.0.0"
      }
    },
    "node_modules/packet-reader": {
      "version": "0.3.1",
      "resolved": "https://registry.npmjs.org/packet-reader/-/packet-reader-0.3.1.tgz",
      "integrity": "sha512-5hN3f+rVT3PRjNI+GYUKTolUo5Yhypmo97D5+6On6L4bVhnno5wzGTT3agB9u7llRfw6pEV4I1/obWSXTKDY1w=="
    },
    "node_modules/pg": {
      "version": "6.2.5",
      "resolved": "https://registry.npmjs.org/pg/-/pg-6.2.5.tgz",
      "integrity": "sha512-oXx1uCk/O05ON3hRMq0G8bRNDJpNKzFQLEFIYTPW2T9Ij/IJ0njmoOFq4JbLE5+GEdAdIFSTSIMelu7vHggEdg==",
      "dependencies": {
        "buffer-writer": "1.0.1",
        "js-string-escape": "1.0.1",
        "packet-reader": "0.3.1",
        "pg-connection-string": "0.1.3",
        "pg-pool": "1.*",
        "pg-types": "1.*",
        "pgpass": "1.x",
        "semver": "4.3.2"
      },
      "engines": {
        "node": ">= 0.8.0"
      }
    },
    "node_modules/pg-connection-string": {
      "version": "0.1.3",
      "resolved": "https://registry.npmjs.org/pg-connection-string/-/pg-connection-string-0.1.3.tgz",
      "integrity": "sha512-i0NV/CrSkFTaiOQs9AGy3tq0dkSjtTd4d7DfsjeDVZAA4aIHInwfFEmriNYGGJUfZ5x6IAC/QddoUpUJjQAi0w=="
    },
    "node_modules/pg-int8": {
      "version": "1.0.1",
      "resolved": "https://registry.npmjs.org/pg-int8/-/pg-int8-1.0.1.tgz",
      "integrity": "sha512-WCtabS6t3c8SkpDBUlb1kjOs7l66xsGdKpIPZsg4wR+B3+u9UAum2odSsF9tnvxg80h4ZxLWMy4pRjOsFIqQpw==",
      "engines": {
        "node": ">=4.0.0"
      }
    },
    "node_modules/pg-minify": {
      "version": "0.4.5",
      "resolved": "https://registry.npmjs.org/pg-minify/-/pg-minify-0.4.5.tgz",
      "integrity": "sha512-ev7PZ4ySzTnNPaeIJQx4f94ubqbv2C48lpXcYLPzPD4dbnKxzvC+3vNlZZ8HYx9JV37AxaLlY/LzrpFBgBslYQ==",
      "engines": {
        "node": ">=0.10",
        "npm": ">=1.4"
      }
    },
    "node_modules/pg-pool": {
      "version": "1.8.0",
      "resolved": "https://registry.npmjs.org/pg-pool/-/pg-pool-1.8.0.tgz",
      "integrity": "sha512-+X9J1FiucG3wpNIp/InfBWBn3vq/gpwzotKifnOPIRAyt7EhGBKyUFnJoAzhuQkU+EKb/VsW9csDcAzzAoPXGg==",
      "dependencies": {
        "generic-pool": "2.4.3",
        "object-assign": "4.1.0"
      }
    },
    "node_modules/pg-types": {
      "version": "1.13.0",
      "resolved": "https://registry.npmjs.org/pg-types/-/pg-types-1.13.0.tgz",
      "integrity": "sha512-lfKli0Gkl/+za/+b6lzENajczwZHc7D5kiUCZfgm914jipD2kIOIvEkAhZ8GrW3/TUoP9w8FHjwpPObBye5KQQ==",
      "dependencies": {
        "pg-int8": "1.0.1",
        "postgres-array": "~1.0.0",
        "postgres-bytea": "~1.0.0",
        "postgres-date": "~1.0.0",
        "postgres-interval": "^1.1.0"
      }
    },
    "node_modules/pgp": {
      "version": "0.1.0",
      "resolved": "https://registry.npmjs.org/pgp/-/pgp-0.1.0.tgz",
      "integrity": "sha512-8EHWSrXDhI9qQLDybA2rwVTNH/U74/UPQDti7avJnYW9YkFGDHEJYAgTyoAomPJ+ID7NsRS4z2I6Cph64lpucA==",
      "deprecated": "Use pg-promise@beta instead",
      "dependencies": {
        "manakin": "0.4",
        "pg": "6.2",
        "pg-minify": "0.4",
        "spex": "1.2"
      },
      "engines": {
        "node": ">=4.0",
        "npm": ">=2.15"
      }
    },
    "node_modules/pgpass": {
      "version": "1.0.5",
      "resolved": "https://registry.npmjs.org/pgpass/-/pgpass-1.0.5.tgz",
      "integrity": "sha512-FdW9r/jQZhSeohs1Z3sI1yxFQNFvMcnmfuj4WBMUTxOrAyLMaTcE1aAMBiTlbMNaXvBCQuVi0R7hd8udDSP7ug==",
      "dependencies": {
        "split2": "^4.1.0"
      }
    },
    "node_modules/postgres-array": {
      "version": "1.0.3",
      "resolved": "https://registry.npmjs.org/postgres-array/-/postgres-array-1.0.3.tgz",
      "integrity": "sha512-5wClXrAP0+78mcsNX3/ithQ5exKvCyK5lr5NEEEeGwwM6NJdQgzIJBVxLvRW+huFpX92F2QnZ5CcokH0VhK2qQ==",
      "engines": {
        "node": ">=0.10.0"
      }
    },
    "node_modules/postgres-bytea": {
      "version": "1.0.0",
      "resolved": "https://registry.npmjs.org/postgres-bytea/-/postgres-bytea-1.0.0.tgz",
      "integrity": "sha512-xy3pmLuQqRBZBXDULy7KbaitYqLcmxigw14Q5sj8QBVLqEwXfeybIKVWiqAXTlcvdvb0+xkOtDbfQMOf4lST1w==",
      "engines": {
        "node": ">=0.10.0"
      }
    },
    "node_modules/postgres-date": {
      "version": "1.0.7",
      "resolved": "https://registry.npmjs.org/postgres-date/-/postgres-date-1.0.7.tgz",
      "integrity": "sha512-suDmjLVQg78nMK2UZ454hAG+OAW+HQPZ6n++TNDUX+L0+uUlLywnoxJKDou51Zm+zTCjrCl0Nq6J9C5hP9vK/Q==",
      "engines": {
        "node": ">=0.10.0"
      }
    },
    "node_modules/postgres-interval": {
      "version": "1.2.0",
      "resolved": "https://registry.npmjs.org/postgres-interval/-/postgres-interval-1.2.0.tgz",
      "integrity": "sha512-9ZhXKM/rw350N1ovuWHbGxnGh/SNJ4cnxHiM0rxE4VN41wsg8P8zWn9hv/buK00RP4WvlOyr/RBDiptyxVbkZQ==",
      "dependencies": {
        "xtend": "^4.0.0"
      },
      "engines": {
        "node": ">=0.10.0"
      }
    },
    "node_modules/proxy-from-env": {
      "version": "1.1.0",
      "resolved": "https://registry.npmjs.org/proxy-from-env/-/proxy-from-env-1.1.0.tgz",
      "integrity": "sha512-D+zkORCbA9f1tdWRK0RaCR3GPv50cMxcrz4X8k5LTSUD1Dkw47mKJEZQNunItRTkWwgtaUSo1RVFRIG9ZXiFYg=="
    },
    "node_modules/safer-buffer": {
      "version": "2.1.2",
      "resolved": "https://registry.npmjs.org/safer-buffer/-/safer-buffer-2.1.2.tgz",
      "integrity": "sha512-YZo3K82SD7Riyi0E1EQPojLz7kpepnSQI9IyPbHHg1XXXevb5dJI7tpyN2ADxGcQbHG7vcyRHk0cbwqcQriUtg=="
    },
    "node_modules/semver": {
      "version": "4.3.2",
      "resolved": "https://registry.npmjs.org/semver/-/semver-4.3.2.tgz",
      "integrity": "sha512-VyFUffiBx8hABJ9HYSTXLRwyZtdDHMzMtFmID1aiNAD2BZppBmJm0Hqw3p2jkgxP9BNt1pQ9RnC49P0EcXf6cA==",
      "bin": {
        "semver": "bin/semver"
      }
    },
    "node_modules/spex": {
      "version": "1.2.1",
      "resolved": "https://registry.npmjs.org/spex/-/spex-1.2.1.tgz",
      "integrity": "sha512-+qhIg5QJZQTSk6TBUmXnptB6irHR6trN0Vb+LUQBwe8cKDFf+aLBohhsRGwuoBSZglCHG+V+CMh/DBFDb/i8Gg==",
      "engines": {
        "node": ">=0.10",
        "npm": ">=1.4"
      }
    },
    "node_modules/split2": {
      "version": "4.2.0",
      "resolved": "https://registry.npmjs.org/split2/-/split2-4.2.0.tgz",
      "integrity": "sha512-UcjcJOWknrNkF6PLX83qcHM6KHgVKNkV62Y8a5uYDVv9ydGQVwAHMKqHdJje1VTWpljG0WYpCDhrCdAOYH4TWg==",
      "engines": {
        "node": ">= 10.x"
      }
    },
    "node_modules/uuid": {
      "version": "9.0.0",
      "resolved": "https://registry.npmjs.org/uuid/-/uuid-9.0.0.tgz",
      "integrity": "sha512-MXcSTerfPa4uqyzStbRoTgt5XIe3x5+42+q1sDuy3R5MDk66URdLMOZe5aPX/SQd+kuYAh0FdP/pO28IkQyTeg==",
      "bin": {
        "uuid": "dist/bin/uuid"
      }
    },
    "node_modules/xtend": {
      "version": "4.0.2",
      "resolved": "https://registry.npmjs.org/xtend/-/xtend-4.0.2.tgz",
      "integrity": "sha512-LKYU1iAXJXUgAXn9URjiu+MWhyUXHsvfp7mcuYm9dSUKK0/CjtrUwFAxD82/mCWbtLsGjFIad0wIsod4zrTAEQ==",
      "engines": {
        "node": ">=0.4"
      }
    }
  }
}
